
Microsoft Visual Studio Solution File, Format Version 12.00
# Visual Studio Version 17
VisualStudioVersion = 17.9.34728.123
MinimumVisualStudioVersion = 10.0.40219.1
Project("{FAE04EC0-301F-11D3-BF4B-00C04F79EFBC}") = "ProjetoDIO", "ProjetoDIO\ProjetoDIO.csproj", "{F8D60679-51C1-4743-BE5B-612637AE3A0A}"
EndProject
Project("{FAE04EC0-301F-11D3-BF4B-00C04F79EFBC}") = "projetoDioTest", "projetoDioTest\projetoDioTest.csproj", "{2996B659-BBBD-4FC2-A9CB-5F9717FE6767}"
EndProject
Global
	GlobalSection(SolutionConfigurationPlatforms) = preSolution
		Debug|Any CPU = Debug|Any CPU
		Release|Any CPU = Release|Any CPU
	EndGlobalSection
	GlobalSection(ProjectConfigurationPlatforms) = postSolution
		{F8D60679-51C1-4743-BE5B-612637AE3A0A}.Debug|Any CPU.ActiveCfg = Debug|Any CPU
		{F8D60679-51C1-4743-BE5B-612637AE3A0A}.Debug|Any CPU.Build.0 = Debug|Any CPU
		{F8D60679-51C1-4743-BE5B-612637AE3A0A}.Release|Any CPU.ActiveCfg = Release|Any CPU
		{F8D60679-51C1-4743-BE5B-612637AE3A0A}.Release|Any CPU.Build.0 = Release|Any CPU
		{2996B659-BBBD-4FC2-A9CB-5F9717FE6767}.Debug|Any CPU.ActiveCfg = Debug|Any CPU
		{2996B659-BBBD-4FC2-A9CB-5F9717FE6767}.Debug|Any CPU.Build.0 = Debug|Any CPU
		{2996B659-BBBD-4FC2-A9CB-5F9717FE6767}.Release|Any CPU.ActiveCfg = Release|Any CPU
		{2996B659-BBBD-4FC2-A9CB-5F9717FE6767}.Release|Any CPU.Build.0 = Release|Any CPU
	EndGlobalSection
	GlobalSection(SolutionProperties) = preSolution
		HideSolutionNode = FALSE
	EndGlobalSection
	GlobalSection(ExtensibilityGlobals) = postSolution
		SolutionGuid = {00307DB8-1C33-44F8-968C-8B7667F4782E}
	EndGlobalSection
EndGlobal
